
Microsoft Visual Studio Solution File, Format Version 12.00
# Visual Studio Version 17
VisualStudioVersion = 17.7.34031.279
MinimumVisualStudioVersion = 10.0.40219.1
Project("{FAE04EC0-301F-11D3-BF4B-00C04F79EFBC}") = "HimawariWallpaper", "HimawariWallpaper.csproj", "{2B0F0A0C-3B28-4F26-85C5-A278C2B15BDB}"
EndProject
Global
	GlobalSection(SolutionConfigurationPlatforms) = preSolution
		Debug|Any CPU = Debug|Any CPU
		Release|Any CPU = Release|Any CPU
	EndGlobalSection
	GlobalSection(ProjectConfigurationPlatforms) = postSolution
		{2B0F0A0C-3B28-4F26-85C5-A278C2B15BDB}.Debug|Any CPU.ActiveCfg = Debug|Any CPU
		{2B0F0A0C-3B28-4F26-85C5-A278C2B15BDB}.Debug|Any CPU.Build.0 = Debug|Any CPU
		{2B0F0A0C-3B28-4F26-85C5-A278C2B15BDB}.Release|Any CPU.ActiveCfg = Release|Any CPU
		{2B0F0A0C-3B28-4F26-85C5-A278C2B15BDB}.Release|Any CPU.Build.0 = Release|Any CPU
	EndGlobalSection
	GlobalSection(SolutionProperties) = preSolution
		HideSolutionNode = FALSE
	EndGlobalSection
	GlobalSection(ExtensibilityGlobals) = postSolution
		SolutionGuid = {227BCD3E-D21A-4CD1-BA2E-3E3244BD5569}
	EndGlobalSection
EndGlobal
